// !$*UTF8*$!
{
	archiveVersion = 1;
	classes = {
	};
	objectVersion = 56;
	objects = {

/* Begin PBXBuildFile section */
		4BF529802BEDB7F500E072DC /* FlippyApp.swift in Sources */ = {isa = PBXBuildFile; fileRef = 4BF5297F2BEDB7F500E072DC /* FlippyApp.swift */; };
		4BF529822BEDB7F600E072DC /* ContentView.swift in Sources */ = {isa = PBXBuildFile; fileRef = 4BF529812BEDB7F600E072DC /* ContentView.swift */; };
		4BF529842BEDB7F700E072DC /* Assets.xcassets in Resources */ = {isa = PBXBuildFile; fileRef = 4BF529832BEDB7F700E072DC /* Assets.xcassets */; };
		4BF529872BEDB7F700E072DC /* Preview Assets.xcassets in Resources */ = {isa = PBXBuildFile; fileRef = 4BF529862BEDB7F700E072DC /* Preview Assets.xcassets */; };
		4BF529912BEDB7F700E072DC /* FlippyTests.swift in Sources */ = {isa = PBXBuildFile; fileRef = 4BF529902BEDB7F700E072DC /* FlippyTests.swift */; };
		4BF5299B2BEDB7F700E072DC /* FlippyUITests.swift in Sources */ = {isa = PBXBuildFile; fileRef = 4BF5299A2BEDB7F700E072DC /* FlippyUITests.swift */; };
		4BF5299D2BEDB7F700E072DC /* FlippyUITestsLaunchTests.swift in Sources */ = {isa = PBXBuildFile; fileRef = 4BF5299C2BEDB7F700E072DC /* FlippyUITestsLaunchTests.swift */; };
/* End PBXBuildFile section */

/* Begin PBXContainerItemProxy section */
		4BF5298D2BEDB7F700E072DC /* PBXContainerItemProxy */ = {
			isa = PBXContainerItemProxy;
			containerPortal = 4BF529742BEDB7F500E072DC /* Project object */;
			proxyType = 1;
			remoteGlobalIDString = 4BF5297B2BEDB7F500E072DC;
			remoteInfo = Flippy;
		};
		4BF529972BEDB7F700E072DC /* PBXContainerItemProxy */ = {
			isa = PBXContainerItemProxy;
			containerPortal = 4BF529742BEDB7F500E072DC /* Project object */;
			proxyType = 1;
			remoteGlobalIDString = 4BF5297B2BEDB7F500E072DC;
			remoteInfo = Flippy;
		};
/* End PBXContainerItemProxy section */

/* Begin PBXFileReference section */
		4BF5297C2BEDB7F500E072DC /* Flippy.app */ = {isa = PBXFileReference; explicitFileType = wrapper.application; includeInIndex = 0; path = Flippy.app; sourceTree = BUILT_PRODUCTS_DIR; };
		4BF5297F2BEDB7F500E072DC /* FlippyApp.swift */ = {isa = PBXFileReference; lastKnownFileType = sourcecode.swift; path = FlippyApp.swift; sourceTree = "<group>"; };
		4BF529812BEDB7F600E072DC /* ContentView.swift */ = {isa = PBXFileReference; lastKnownFileType = sourcecode.swift; path = ContentView.swift; sourceTree = "<group>"; };
		4BF529832BEDB7F700E072DC /* Assets.xcassets */ = {isa = PBXFileReference; lastKnownFileType = folder.assetcatalog; path = Assets.xcassets; sourceTree = "<group>"; };
		4BF529862BEDB7F700E072DC /* Preview Assets.xcassets */ = {isa = PBXFileReference; lastKnownFileType = folder.assetcatalog; path = "Preview Assets.xcassets"; sourceTree = "<group>"; };
		4BF5298C2BEDB7F700E072DC /* FlippyTests.xctest */ = {isa = PBXFileReference; explicitFileType = wrapper.cfbundle; includeInIndex = 0; path = FlippyTests.xctest; sourceTree = BUILT_PRODUCTS_DIR; };
		4BF529902BEDB7F700E072DC /* FlippyTests.swift */ = {isa = PBXFileReference; lastKnownFileType = sourcecode.swift; path = FlippyTests.swift; sourceTree = "<group>"; };
		4BF529962BEDB7F700E072DC /* FlippyUITests.xctest */ = {isa = PBXFileReference; explicitFileType = wrapper.cfbundle; includeInIndex = 0; path = FlippyUITests.xctest; sourceTree = BUILT_PRODUCTS_DIR; };
		4BF5299A2BEDB7F700E072DC /* FlippyUITests.swift */ = {isa = PBXFileReference; lastKnownFileType = sourcecode.swift; path = FlippyUITests.swift; sourceTree = "<group>"; };
		4BF5299C2BEDB7F700E072DC /* FlippyUITestsLaunchTests.swift */ = {isa = PBXFileReference; lastKnownFileType = sourcecode.swift; path = FlippyUITestsLaunchTests.swift; sourceTree = "<group>"; };
/* End PBXFileReference section */

/* Begin PBXFrameworksBuildPhase section */
		4BF529792BEDB7F500E072DC /* Frameworks */ = {
			isa = PBXFrameworksBuildPhase;
			buildActionMask = 2147483647;
			files = (
			);
			runOnlyForDeploymentPostprocessing = 0;
		};
		4BF529892BEDB7F700E072DC /* Frameworks */ = {
			isa = PBXFrameworksBuildPhase;
			buildActionMask = 2147483647;
			files = (
			);
			runOnlyForDeploymentPostprocessing = 0;
		};
		4BF529932BEDB7F700E072DC /* Frameworks */ = {
			isa = PBXFrameworksBuildPhase;
			buildActionMask = 2147483647;
			files = (
			);
			runOnlyForDeploymentPostprocessing = 0;
		};
/* End PBXFrameworksBuildPhase section */

/* Begin PBXGroup section */
		4BF529732BEDB7F500E072DC = {
			isa = PBXGroup;
			children = (
				4BF5297E2BEDB7F500E072DC /* Flippy */,
				4BF5298F2BEDB7F700E072DC /* FlippyTests */,
				4BF529992BEDB7F700E072DC /* FlippyUITests */,
				4BF5297D2BEDB7F500E072DC /* Products */,
			);
			sourceTree = "<group>";
		};
		4BF5297D2BEDB7F500E072DC /* Products */ = {
			isa = PBXGroup;
			children = (
				4BF5297C2BEDB7F500E072DC /* Flippy.app */,
				4BF5298C2BEDB7F700E072DC /* FlippyTests.xctest */,
				4BF529962BEDB7F700E072DC /* FlippyUITests.xctest */,
			);
			name = Products;
			sourceTree = "<group>";
		};
		4BF5297E2BEDB7F500E072DC /* Flippy */ = {
			isa = PBXGroup;
			children = (
				4BF5297F2BEDB7F500E072DC /* FlippyApp.swift */,
				4BF529812BEDB7F600E072DC /* ContentView.swift */,
				4BF529832BEDB7F700E072DC /* Assets.xcassets */,
				4BF529852BEDB7F700E072DC /* Preview Content */,
			);
			path = Flippy;
			sourceTree = "<group>";
		};
		4BF529852BEDB7F700E072DC /* Preview Content */ = {
			isa = PBXGroup;
			children = (
				4BF529862BEDB7F700E072DC /* Preview Assets.xcassets */,
			);
			path = "Preview Content";
			sourceTree = "<group>";
		};
		4BF5298F2BEDB7F700E072DC /* FlippyTests */ = {
			isa = PBXGroup;
			children = (
				4BF529902BEDB7F700E072DC /* FlippyTests.swift */,
			);
			path = FlippyTests;
			sourceTree = "<group>";
		};
		4BF529992BEDB7F700E072DC /* FlippyUITests */ = {
			isa = PBXGroup;
			children = (
				4BF5299A2BEDB7F700E072DC /* FlippyUITests.swift */,
				4BF5299C2BEDB7F700E072DC /* FlippyUITestsLaunchTests.swift */,
			);
			path = FlippyUITests;
			sourceTree = "<group>";
		};
/* End PBXGroup section */

/* Begin PBXNativeTarget section */
		4BF5297B2BEDB7F500E072DC /* Flippy */ = {
			isa = PBXNativeTarget;
			buildConfigurationList = 4BF529A02BEDB7F700E072DC /* Build configuration list for PBXNativeTarget "Flippy" */;
			buildPhases = (
				4BF529782BEDB7F500E072DC /* Sources */,
				4BF529792BEDB7F500E072DC /* Frameworks */,
				4BF5297A2BEDB7F500E072DC /* Resources */,
			);
			buildRules = (
			);
			dependencies = (
			);
			name = Flippy;
			productName = Flippy;
			productReference = 4BF5297C2BEDB7F500E072DC /* Flippy.app */;
			productType = "com.apple.product-type.application";
		};
		4BF5298B2BEDB7F700E072DC /* FlippyTests */ = {
			isa = PBXNativeTarget;
			buildConfigurationList = 4BF529A32BEDB7F700E072DC /* Build configuration list for PBXNativeTarget "FlippyTests" */;
			buildPhases = (
				4BF529882BEDB7F700E072DC /* Sources */,
				4BF529892BEDB7F700E072DC /* Frameworks */,
				4BF5298A2BEDB7F700E072DC /* Resources */,
			);
			buildRules = (
			);
			dependencies = (
				4BF5298E2BEDB7F700E072DC /* PBXTargetDependency */,
			);
			name = FlippyTests;
			productName = FlippyTests;
			productReference = 4BF5298C2BEDB7F700E072DC /* FlippyTests.xctest */;
			productType = "com.apple.product-type.bundle.unit-test";
		};
		4BF529952BEDB7F700E072DC /* FlippyUITests */ = {
			isa = PBXNativeTarget;
			buildConfigurationList = 4BF529A62BEDB7F700E072DC /* Build configuration list for PBXNativeTarget "FlippyUITests" */;
			buildPhases = (
				4BF529922BEDB7F700E072DC /* Sources */,
				4BF529932BEDB7F700E072DC /* Frameworks */,
				4BF529942BEDB7F700E072DC /* Resources */,
			);
			buildRules = (
			);
			dependencies = (
				4BF529982BEDB7F700E072DC /* PBXTargetDependency */,
			);
			name = FlippyUITests;
			productName = FlippyUITests;
			productReference = 4BF529962BEDB7F700E072DC /* FlippyUITests.xctest */;
			productType = "com.apple.product-type.bundle.ui-testing";
		};
/* End PBXNativeTarget section */

/* Begin PBXProject section */
		4BF529742BEDB7F500E072DC /* Project object */ = {
			isa = PBXProject;
			attributes = {
				BuildIndependentTargetsInParallel = 1;
				LastSwiftUpdateCheck = 1520;
				LastUpgradeCheck = 1520;
				TargetAttributes = {
					4BF5297B2BEDB7F500E072DC = {
						CreatedOnToolsVersion = 15.2;
					};
					4BF5298B2BEDB7F700E072DC = {
						CreatedOnToolsVersion = 15.2;
						TestTargetID = 4BF5297B2BEDB7F500E072DC;
					};
					4BF529952BEDB7F700E072DC = {
						CreatedOnToolsVersion = 15.2;
						TestTargetID = 4BF5297B2BEDB7F500E072DC;
					};
				};
			};
			buildConfigurationList = 4BF529772BEDB7F500E072DC /* Build configuration list for PBXProject "Flippy" */;
			compatibilityVersion = "Xcode 14.0";
			developmentRegion = en;
			hasScannedForEncodings = 0;
			knownRegions = (
				en,
				Base,
			);
			mainGroup = 4BF529732BEDB7F500E072DC;
			productRefGroup = 4BF5297D2BEDB7F500E072DC /* Products */;
			projectDirPath = "";
			projectRoot = "";
			targets = (
				4BF5297B2BEDB7F500E072DC /* Flippy */,
				4BF5298B2BEDB7F700E072DC /* FlippyTests */,
				4BF529952BEDB7F700E072DC /* FlippyUITests */,
			);
		};
/* End PBXProject section */

/* Begin PBXResourcesBuildPhase section */
		4BF5297A2BEDB7F500E072DC /* Resources */ = {
			isa = PBXResourcesBuildPhase;
			buildActionMask = 2147483647;
			files = (
				4BF529872BEDB7F700E072DC /* Preview Assets.xcassets in Resources */,
				4BF529842BEDB7F700E072DC /* Assets.xcassets in Resources */,
			);
			runOnlyForDeploymentPostprocessing = 0;
		};
		4BF5298A2BEDB7F700E072DC /* Resources */ = {
			isa = PBXResourcesBuildPhase;
			buildActionMask = 2147483647;
			files = (
			);
			runOnlyForDeploymentPostprocessing = 0;
		};
		4BF529942BEDB7F700E072DC /* Resources */ = {
			isa = PBXResourcesBuildPhase;
			buildActionMask = 2147483647;
			files = (
			);
			runOnlyForDeploymentPostprocessing = 0;
		};
/* End PBXResourcesBuildPhase section */

/* Begin PBXSourcesBuildPhase section */
		4BF529782BEDB7F500E072DC /* Sources */ = {
			isa = PBXSourcesBuildPhase;
			buildActionMask = 2147483647;
			files = (
				4BF529822BEDB7F600E072DC /* ContentView.swift in Sources */,
				4BF529802BEDB7F500E072DC /* FlippyApp.swift in Sources */,
			);
			runOnlyForDeploymentPostprocessing = 0;
		};
		4BF529882BEDB7F700E072DC /* Sources */ = {
			isa = PBXSourcesBuildPhase;
			buildActionMask = 2147483647;
			files = (
				4BF529912BEDB7F700E072DC /* FlippyTests.swift in Sources */,
			);
			runOnlyForDeploymentPostprocessing = 0;
		};
		4BF529922BEDB7F700E072DC /* Sources */ = {
			isa = PBXSourcesBuildPhase;
			buildActionMask = 2147483647;
			files = (
				4BF5299D2BEDB7F700E072DC /* FlippyUITestsLaunchTests.swift in Sources */,
				4BF5299B2BEDB7F700E072DC /* FlippyUITests.swift in Sources */,
			);
			runOnlyForDeploymentPostprocessing = 0;
		};
/* End PBXSourcesBuildPhase section */

/* Begin PBXTargetDependency section */
		4BF5298E2BEDB7F700E072DC /* PBXTargetDependency */ = {
			isa = PBXTargetDependency;
			target = 4BF5297B2BEDB7F500E072DC /* Flippy */;
			targetProxy = 4BF5298D2BEDB7F700E072DC /* PBXContainerItemProxy */;
		};
		4BF529982BEDB7F700E072DC /* PBXTargetDependency */ = {
			isa = PBXTargetDependency;
			target = 4BF5297B2BEDB7F500E072DC /* Flippy */;
			targetProxy = 4BF529972BEDB7F700E072DC /* PBXContainerItemProxy */;
		};
/* End PBXTargetDependency section */

/* Begin XCBuildConfiguration section */
		4BF5299E2BEDB7F700E072DC /* Debug */ = {
			isa = XCBuildConfiguration;
			buildSettings = {
				ALWAYS_SEARCH_USER_PATHS = NO;
				ASSETCATALOG_COMPILER_GENERATE_SWIFT_ASSET_SYMBOL_EXTENSIONS = YES;
				CLANG_ANALYZER_NONNULL = YES;
				CLANG_ANALYZER_NUMBER_OBJECT_CONVERSION = YES_AGGRESSIVE;
				CLANG_CXX_LANGUAGE_STANDARD = "gnu++20";
				CLANG_ENABLE_MODULES = YES;
				CLANG_ENABLE_OBJC_ARC = YES;
				CLANG_ENABLE_OBJC_WEAK = YES;
				CLANG_WARN_BLOCK_CAPTURE_AUTORELEASING = YES;
				CLANG_WARN_BOOL_CONVERSION = YES;
				CLANG_WARN_COMMA = YES;
				CLANG_WARN_CONSTANT_CONVERSION = YES;
				CLANG_WARN_DEPRECATED_OBJC_IMPLEMENTATIONS = YES;
				CLANG_WARN_DIRECT_OBJC_ISA_USAGE = YES_ERROR;
				CLANG_WARN_DOCUMENTATION_COMMENTS = YES;
				CLANG_WARN_EMPTY_BODY = YES;
				CLANG_WARN_ENUM_CONVERSION = YES;
				CLANG_WARN_INFINITE_RECURSION = YES;
				CLANG_WARN_INT_CONVERSION = YES;
				CLANG_WARN_NON_LITERAL_NULL_CONVERSION = YES;
				CLANG_WARN_OBJC_IMPLICIT_RETAIN_SELF = YES;
				CLANG_WARN_OBJC_LITERAL_CONVERSION = YES;
				CLANG_WARN_OBJC_ROOT_CLASS = YES_ERROR;
				CLANG_WARN_QUOTED_INCLUDE_IN_FRAMEWORK_HEADER = YES;
				CLANG_WARN_RANGE_LOOP_ANALYSIS = YES;
				CLANG_WARN_STRICT_PROTOTYPES = YES;
				CLANG_WARN_SUSPICIOUS_MOVE = YES;
				CLANG_WARN_UNGUARDED_AVAILABILITY = YES_AGGRESSIVE;
				CLANG_WARN_UNREACHABLE_CODE = YES;
				CLANG_WARN__DUPLICATE_METHOD_MATCH = YES;
				COPY_PHASE_STRIP = NO;
				DEBUG_INFORMATION_FORMAT = dwarf;
				ENABLE_STRICT_OBJC_MSGSEND = YES;
				ENABLE_TESTABILITY = YES;
				ENABLE_USER_SCRIPT_SANDBOXING = YES;
				GCC_C_LANGUAGE_STANDARD = gnu17;
				GCC_DYNAMIC_NO_PIC = NO;
				GCC_NO_COMMON_BLOCKS = YES;
				GCC_OPTIMIZATION_LEVEL = 0;
				GCC_PREPROCESSOR_DEFINITIONS = (
					"DEBUG=1",
					"$(inherited)",
				);
				GCC_WARN_64_TO_32_BIT_CONVERSION = YES;
				GCC_WARN_ABOUT_RETURN_TYPE = YES_ERROR;
				GCC_WARN_UNDECLARED_SELECTOR = YES;
				GCC_WARN_UNINITIALIZED_AUTOS = YES_AGGRESSIVE;
				GCC_WARN_UNUSED_FUNCTION = YES;
				GCC_WARN_UNUSED_VARIABLE = YES;
				IPHONEOS_DEPLOYMENT_TARGET = 17.2;
				LOCALIZATION_PREFERS_STRING_CATALOGS = YES;
				MTL_ENABLE_DEBUG_INFO = INCLUDE_SOURCE;
				MTL_FAST_MATH = YES;
				ONLY_ACTIVE_ARCH = YES;
				SDKROOT = iphoneos;
				SWIFT_ACTIVE_COMPILATION_CONDITIONS = "DEBUG $(inherited)";
				SWIFT_OPTIMIZATION_LEVEL = "-Onone";
			};
			name = Debug;
		};
		4BF5299F2BEDB7F700E072DC /* Release */ = {
			isa = XCBuildConfiguration;
			buildSettings = {
				ALWAYS_SEARCH_USER_PATHS = NO;
				ASSETCATALOG_COMPILER_GENERATE_SWIFT_ASSET_SYMBOL_EXTENSIONS = YES;
				CLANG_ANALYZER_NONNULL = YES;
				CLANG_ANALYZER_NUMBER_OBJECT_CONVERSION = YES_AGGRESSIVE;
				CLANG_CXX_LANGUAGE_STANDARD = "gnu++20";
				CLANG_ENABLE_MODULES = YES;
				CLANG_ENABLE_OBJC_ARC = YES;
				CLANG_ENABLE_OBJC_WEAK = YES;
				CLANG_WARN_BLOCK_CAPTURE_AUTORELEASING = YES;
				CLANG_WARN_BOOL_CONVERSION = YES;
				CLANG_WARN_COMMA = YES;
				CLANG_WARN_CONSTANT_CONVERSION = YES;
				CLANG_WARN_DEPRECATED_OBJC_IMPLEMENTATIONS = YES;
				CLANG_WARN_DIRECT_OBJC_ISA_USAGE = YES_ERROR;
				CLANG_WARN_DOCUMENTATION_COMMENTS = YES;
				CLANG_WARN_EMPTY_BODY = YES;
				CLANG_WARN_ENUM_CONVERSION = YES;
				CLANG_WARN_INFINITE_RECURSION = YES;
				CLANG_WARN_INT_CONVERSION = YES;
				CLANG_WARN_NON_LITERAL_NULL_CONVERSION = YES;
				CLANG_WARN_OBJC_IMPLICIT_RETAIN_SELF = YES;
				CLANG_WARN_OBJC_LITERAL_CONVERSION = YES;
				CLANG_WARN_OBJC_ROOT_CLASS = YES_ERROR;
				CLANG_WARN_QUOTED_INCLUDE_IN_FRAMEWORK_HEADER = YES;
				CLANG_WARN_RANGE_LOOP_ANALYSIS = YES;
				CLANG_WARN_STRICT_PROTOTYPES = YES;
				CLANG_WARN_SUSPICIOUS_MOVE = YES;
				CLANG_WARN_UNGUARDED_AVAILABILITY = YES_AGGRESSIVE;
				CLANG_WARN_UNREACHABLE_CODE = YES;
				CLANG_WARN__DUPLICATE_METHOD_MATCH = YES;
				COPY_PHASE_STRIP = NO;
				DEBUG_INFORMATION_FORMAT = "dwarf-with-dsym";
				ENABLE_NS_ASSERTIONS = NO;
				ENABLE_STRICT_OBJC_MSGSEND = YES;
				ENABLE_USER_SCRIPT_SANDBOXING = YES;
				GCC_C_LANGUAGE_STANDARD = gnu17;
				GCC_NO_COMMON_BLOCKS = YES;
				GCC_WARN_64_TO_32_BIT_CONVERSION = YES;
				GCC_WARN_ABOUT_RETURN_TYPE = YES_ERROR;
				GCC_WARN_UNDECLARED_SELECTOR = YES;
				GCC_WARN_UNINITIALIZED_AUTOS = YES_AGGRESSIVE;
				GCC_WARN_UNUSED_FUNCTION = YES;
				GCC_WARN_UNUSED_VARIABLE = YES;
				IPHONEOS_DEPLOYMENT_TARGET = 17.2;
				LOCALIZATION_PREFERS_STRING_CATALOGS = YES;
				MTL_ENABLE_DEBUG_INFO = NO;
				MTL_FAST_MATH = YES;
				SDKROOT = iphoneos;
				SWIFT_COMPILATION_MODE = wholemodule;
				VALIDATE_PRODUCT = YES;
			};
			name = Release;
		};
		4BF529A12BEDB7F700E072DC /* Debug */ = {
			isa = XCBuildConfiguration;
			buildSettings = {
				ASSETCATALOG_COMPILER_APPICON_NAME = AppIcon;
				ASSETCATALOG_COMPILER_GLOBAL_ACCENT_COLOR_NAME = AccentColor;
				CODE_SIGN_STYLE = Automatic;
				CURRENT_PROJECT_VERSION = 1;
				DEVELOPMENT_ASSET_PATHS = "\"Flippy/Preview Content\"";
				ENABLE_PREVIEWS = YES;
				GENERATE_INFOPLIST_FILE = YES;
				INFOPLIST_KEY_UIApplicationSceneManifest_Generation = YES;
				INFOPLIST_KEY_UIApplicationSupportsIndirectInputEvents = YES;
				INFOPLIST_KEY_UILaunchScreen_Generation = YES;
				INFOPLIST_KEY_UISupportedInterfaceOrientations_iPad = "UIInterfaceOrientationPortrait UIInterfaceOrientationPortraitUpsideDown UIInterfaceOrientationLandscapeLeft UIInterfaceOrientationLandscapeRight";
				INFOPLIST_KEY_UISupportedInterfaceOrientations_iPhone = "UIInterfaceOrientationPortrait UIInterfaceOrientationLandscapeLeft UIInterfaceOrientationLandscapeRight";
				LD_RUNPATH_SEARCH_PATHS = (
					"$(inherited)",
					"@executable_path/Frameworks",
				);
				MARKETING_VERSION = 1.0;
				PRODUCT_BUNDLE_IDENTIFIER = com.cintman.Flippy;
				PRODUCT_NAME = "$(TARGET_NAME)";
				SWIFT_EMIT_LOC_STRINGS = YES;
				SWIFT_VERSION = 5.0;
				TARGETED_DEVICE_FAMILY = "1,2";
			};
			name = Debug;
		};
		4BF529A22BEDB7F700E072DC /* Release */ = {
			isa = XCBuildConfiguration;
			buildSettings = {
				ASSETCATALOG_COMPILER_APPICON_NAME = AppIcon;
				ASSETCATALOG_COMPILER_GLOBAL_ACCENT_COLOR_NAME = AccentColor;
				CODE_SIGN_STYLE = Automatic;
				CURRENT_PROJECT_VERSION = 1;
				DEVELOPMENT_ASSET_PATHS = "\"Flippy/Preview Content\"";
				ENABLE_PREVIEWS = YES;
				GENERATE_INFOPLIST_FILE = YES;
				INFOPLIST_KEY_UIApplicationSceneManifest_Generation = YES;
				INFOPLIST_KEY_UIApplicationSupportsIndirectInputEvents = YES;
				INFOPLIST_KEY_UILaunchScreen_Generation = YES;
				INFOPLIST_KEY_UISupportedInterfaceOrientations_iPad = "UIInterfaceOrientationPortrait UIInterfaceOrientationPortraitUpsideDown UIInterfaceOrientationLandscapeLeft UIInterfaceOrientationLandscapeRight";
				INFOPLIST_KEY_UISupportedInterfaceOrientations_iPhone = "UIInterfaceOrientationPortrait UIInterfaceOrientationLandscapeLeft UIInterfaceOrientationLandscapeRight";
				LD_RUNPATH_SEARCH_PATHS = (
					"$(inherited)",
					"@executable_path/Frameworks",
				);
				MARKETING_VERSION = 1.0;
				PRODUCT_BUNDLE_IDENTIFIER = com.cintman.Flippy;
				PRODUCT_NAME = "$(TARGET_NAME)";
				SWIFT_EMIT_LOC_STRINGS = YES;
				SWIFT_VERSION = 5.0;
				TARGETED_DEVICE_FAMILY = "1,2";
			};
			name = Release;
		};
		4BF529A42BEDB7F700E072DC /* Debug */ = {
			isa = XCBuildConfiguration;
			buildSettings = {
				ALWAYS_EMBED_SWIFT_STANDARD_LIBRARIES = YES;
				BUNDLE_LOADER = "$(TEST_HOST)";
				CODE_SIGN_STYLE = Automatic;
				CURRENT_PROJECT_VERSION = 1;
				GENERATE_INFOPLIST_FILE = YES;
				IPHONEOS_DEPLOYMENT_TARGET = 17.2;
				MARKETING_VERSION = 1.0;
				PRODUCT_BUNDLE_IDENTIFIER = com.cintman.FlippyTests;
				PRODUCT_NAME = "$(TARGET_NAME)";
				SWIFT_EMIT_LOC_STRINGS = NO;
				SWIFT_VERSION = 5.0;
				TARGETED_DEVICE_FAMILY = "1,2";
				TEST_HOST = "$(BUILT_PRODUCTS_DIR)/Flippy.app/$(BUNDLE_EXECUTABLE_FOLDER_PATH)/Flippy";
			};
			name = Debug;
		};
		4BF529A52BEDB7F700E072DC /* Release */ = {
			isa = XCBuildConfiguration;
			buildSettings = {
				ALWAYS_EMBED_SWIFT_STANDARD_LIBRARIES = YES;
				BUNDLE_LOADER = "$(TEST_HOST)";
				CODE_SIGN_STYLE = Automatic;
				CURRENT_PROJECT_VERSION = 1;
				GENERATE_INFOPLIST_FILE = YES;
				IPHONEOS_DEPLOYMENT_TARGET = 17.2;
				MARKETING_VERSION = 1.0;
				PRODUCT_BUNDLE_IDENTIFIER = com.cintman.FlippyTests;
				PRODUCT_NAME = "$(TARGET_NAME)";
				SWIFT_EMIT_LOC_STRINGS = NO;
				SWIFT_VERSION = 5.0;
				TARGETED_DEVICE_FAMILY = "1,2";
				TEST_HOST = "$(BUILT_PRODUCTS_DIR)/Flippy.app/$(BUNDLE_EXECUTABLE_FOLDER_PATH)/Flippy";
			};
			name = Release;
		};
		4BF529A72BEDB7F700E072DC /* Debug */ = {
			isa = XCBuildConfiguration;
			buildSettings = {
				ALWAYS_EMBED_SWIFT_STANDARD_LIBRARIES = YES;
				CODE_SIGN_STYLE = Automatic;
				CURRENT_PROJECT_VERSION = 1;
				GENERATE_INFOPLIST_FILE = YES;
				MARKETING_VERSION = 1.0;
				PRODUCT_BUNDLE_IDENTIFIER = com.cintman.FlippyUITests;
				PRODUCT_NAME = "$(TARGET_NAME)";
				SWIFT_EMIT_LOC_STRINGS = NO;
				SWIFT_VERSION = 5.0;
				TARGETED_DEVICE_FAMILY = "1,2";
				TEST_TARGET_NAME = Flippy;
			};
			name = Debug;
		};
		4BF529A82BEDB7F700E072DC /* Release */ = {
			isa = XCBuildConfiguration;
			buildSettings = {
				ALWAYS_EMBED_SWIFT_STANDARD_LIBRARIES = YES;
				CODE_SIGN_STYLE = Automatic;
				CURRENT_PROJECT_VERSION = 1;
				GENERATE_INFOPLIST_FILE = YES;
				MARKETING_VERSION = 1.0;
				PRODUCT_BUNDLE_IDENTIFIER = com.cintman.FlippyUITests;
				PRODUCT_NAME = "$(TARGET_NAME)";
				SWIFT_EMIT_LOC_STRINGS = NO;
				SWIFT_VERSION = 5.0;
				TARGETED_DEVICE_FAMILY = "1,2";
				TEST_TARGET_NAME = Flippy;
			};
			name = Release;
		};
/* End XCBuildConfiguration section */

/* Begin XCConfigurationList section */
		4BF529772BEDB7F500E072DC /* Build configuration list for PBXProject "Flippy" */ = {
			isa = XCConfigurationList;
			buildConfigurations = (
				4BF5299E2BEDB7F700E072DC /* Debug */,
				4BF5299F2BEDB7F700E072DC /* Release */,
			);
			defaultConfigurationIsVisible = 0;
			defaultConfigurationName = Release;
		};
		4BF529A02BEDB7F700E072DC /* Build configuration list for PBXNativeTarget "Flippy" */ = {
			isa = XCConfigurationList;
			buildConfigurations = (
				4BF529A12BEDB7F700E072DC /* Debug */,
				4BF529A22BEDB7F700E072DC /* Release */,
			);
			defaultConfigurationIsVisible = 0;
			defaultConfigurationName = Release;
		};
		4BF529A32BEDB7F700E072DC /* Build configuration list for PBXNativeTarget "FlippyTests" */ = {
			isa = XCConfigurationList;
			buildConfigurations = (
				4BF529A42BEDB7F700E072DC /* Debug */,
				4BF529A52BEDB7F700E072DC /* Release */,
			);
			defaultConfigurationIsVisible = 0;
			defaultConfigurationName = Release;
		};
		4BF529A62BEDB7F700E072DC /* Build configuration list for PBXNativeTarget "FlippyUITests" */ = {
			isa = XCConfigurationList;
			buildConfigurations = (
				4BF529A72BEDB7F700E072DC /* Debug */,
				4BF529A82BEDB7F700E072DC /* Release */,
			);
			defaultConfigurationIsVisible = 0;
			defaultConfigurationName = Release;
		};
/* End XCConfigurationList section */
	};
	rootObject = 4BF529742BEDB7F500E072DC /* Project object */;
}
